
Microsoft Visual Studio Solution File, Format Version 12.00
# Visual Studio 15
VisualStudioVersion = 15.0.27428.2015
MinimumVisualStudioVersion = 10.0.40219.1
Project("{FAE04EC0-301F-11D3-BF4B-00C04F79EFBC}") = "Interfejs", "Interfejs\Interfejs.csproj", "{8143533B-19FF-42FF-B8AE-132E28D8BB39}"
EndProject
Global
	GlobalSection(SolutionConfigurationPlatforms) = preSolution
		Debug|Any CPU = Debug|Any CPU
		Release|Any CPU = Release|Any CPU
	EndGlobalSection
	GlobalSection(ProjectConfigurationPlatforms) = postSolution
		{8143533B-19FF-42FF-B8AE-132E28D8BB39}.Debug|Any CPU.ActiveCfg = Debug|Any CPU
		{8143533B-19FF-42FF-B8AE-132E28D8BB39}.Debug|Any CPU.Build.0 = Debug|Any CPU
		{8143533B-19FF-42FF-B8AE-132E28D8BB39}.Release|Any CPU.ActiveCfg = Release|Any CPU
		{8143533B-19FF-42FF-B8AE-132E28D8BB39}.Release|Any CPU.Build.0 = Release|Any CPU
	EndGlobalSection
	GlobalSection(SolutionProperties) = preSolution
		HideSolutionNode = FALSE
	EndGlobalSection
	GlobalSection(ExtensibilityGlobals) = postSolution
		SolutionGuid = {B9BEA53F-98FE-405A-BA3A-C77330851AE3}
	EndGlobalSection
EndGlobal
